// !$*UTF8*$!
{
	archiveVersion = 1;
	classes = {
	};
	objectVersion = 55;
	objects = {

/* Begin PBXBuildFile section */
		288C50152AD8C2A7000DD185 /* SwiftyXPC in Frameworks */ = {isa = PBXBuildFile; productRef = 288C50142AD8C2A7000DD185 /* SwiftyXPC */; };
		28AD8F6A2ADA5DBB00EAB83A /* SwiftyXPC in Frameworks */ = {isa = PBXBuildFile; productRef = 28AD8F692ADA5DBB00EAB83A /* SwiftyXPC */; };
		28F54817282486160069100A /* Example_App.swift in Sources */ = {isa = PBXBuildFile; fileRef = 28F54816282486160069100A /* Example_App.swift */; };
		28F54819282486160069100A /* ContentView.swift in Sources */ = {isa = PBXBuildFile; fileRef = 28F54818282486160069100A /* ContentView.swift */; };
		28F54837282486B60069100A /* Example XPC Service.xpc in Embed XPC Services */ = {isa = PBXBuildFile; fileRef = 28F5482C282486B60069100A /* Example XPC Service.xpc */; settings = {ATTRIBUTES = (RemoveHeadersOnCopy, ); }; };
		28F54840282487910069100A /* XPCService.swift in Sources */ = {isa = PBXBuildFile; fileRef = 28F5483F282487910069100A /* XPCService.swift */; };
		28F54843282489E60069100A /* CommandSet.swift in Sources */ = {isa = PBXBuildFile; fileRef = 28F54842282489E60069100A /* CommandSet.swift */; };
		28F5484428248D3D0069100A /* CommandSet.swift in Sources */ = {isa = PBXBuildFile; fileRef = 28F54842282489E60069100A /* CommandSet.swift */; };
		28F5484628248E7B0069100A /* MessageSender.swift in Sources */ = {isa = PBXBuildFile; fileRef = 28F5484528248E7B0069100A /* MessageSender.swift */; };
		28F54848282490950069100A /* Errors.swift in Sources */ = {isa = PBXBuildFile; fileRef = 28F54847282490950069100A /* Errors.swift */; };
/* End PBXBuildFile section */

/* Begin PBXContainerItemProxy section */
		28F54835282486B60069100A /* PBXContainerItemProxy */ = {
			isa = PBXContainerItemProxy;
			containerPortal = 28F5480B282486160069100A /* Project object */;
			proxyType = 1;
			remoteGlobalIDString = 28F5482B282486B60069100A;
			remoteInfo = "Example XPC Service";
		};
/* End PBXContainerItemProxy section */

/* Begin PBXCopyFilesBuildPhase section */
		28F5483B282486B60069100A /* Embed XPC Services */ = {
			isa = PBXCopyFilesBuildPhase;
			buildActionMask = 2147483647;
			dstPath = "$(CONTENTS_FOLDER_PATH)/XPCServices";
			dstSubfolderSpec = 16;
			files = (
				28F54837282486B60069100A /* Example XPC Service.xpc in Embed XPC Services */,
			);
			name = "Embed XPC Services";
			runOnlyForDeploymentPostprocessing = 0;
		};
/* End PBXCopyFilesBuildPhase section */

/* Begin PBXFileReference section */
		28F54813282486160069100A /* Example App.app */ = {isa = PBXFileReference; explicitFileType = wrapper.application; includeInIndex = 0; path = "Example App.app"; sourceTree = BUILT_PRODUCTS_DIR; };
		28F54816282486160069100A /* Example_App.swift */ = {isa = PBXFileReference; lastKnownFileType = sourcecode.swift; path = Example_App.swift; sourceTree = "<group>"; };
		28F54818282486160069100A /* ContentView.swift */ = {isa = PBXFileReference; lastKnownFileType = sourcecode.swift; path = ContentView.swift; sourceTree = "<group>"; };
		28F5481F282486180069100A /* Example_App.entitlements */ = {isa = PBXFileReference; lastKnownFileType = text.plist.entitlements; path = Example_App.entitlements; sourceTree = "<group>"; };
		28F5482C282486B60069100A /* Example XPC Service.xpc */ = {isa = PBXFileReference; explicitFileType = "wrapper.xpc-service"; includeInIndex = 0; path = "Example XPC Service.xpc"; sourceTree = BUILT_PRODUCTS_DIR; };
		28F54834282486B60069100A /* Info.plist */ = {isa = PBXFileReference; lastKnownFileType = text.plist.xml; path = Info.plist; sourceTree = "<group>"; };
		28F5483F282487910069100A /* XPCService.swift */ = {isa = PBXFileReference; lastKnownFileType = sourcecode.swift; path = XPCService.swift; sourceTree = "<group>"; };
		28F54842282489E60069100A /* CommandSet.swift */ = {isa = PBXFileReference; lastKnownFileType = sourcecode.swift; path = CommandSet.swift; sourceTree = "<group>"; };
		28F5484528248E7B0069100A /* MessageSender.swift */ = {isa = PBXFileReference; lastKnownFileType = sourcecode.swift; path = MessageSender.swift; sourceTree = "<group>"; };
		28F54847282490950069100A /* Errors.swift */ = {isa = PBXFileReference; lastKnownFileType = sourcecode.swift; path = Errors.swift; sourceTree = "<group>"; };
/* End PBXFileReference section */

/* Begin PBXFrameworksBuildPhase section */
		28F54810282486160069100A /* Frameworks */ = {
			isa = PBXFrameworksBuildPhase;
			buildActionMask = 2147483647;
			files = (
				28AD8F6A2ADA5DBB00EAB83A /* SwiftyXPC in Frameworks */,
			);
			runOnlyForDeploymentPostprocessing = 0;
		};
		28F54829282486B60069100A /* Frameworks */ = {
			isa = PBXFrameworksBuildPhase;
			buildActionMask = 2147483647;
			files = (
				288C50152AD8C2A7000DD185 /* SwiftyXPC in Frameworks */,
			);
			runOnlyForDeploymentPostprocessing = 0;
		};
/* End PBXFrameworksBuildPhase section */

/* Begin PBXGroup section */
		28F5480A282486160069100A = {
			isa = PBXGroup;
			children = (
				28F54815282486160069100A /* Example App */,
				28F5482D282486B60069100A /* Example XPC Service */,
				28F54814282486160069100A /* Products */,
				28F5483C282486D20069100A /* Frameworks */,
			);
			sourceTree = "<group>";
		};
		28F54814282486160069100A /* Products */ = {
			isa = PBXGroup;
			children = (
				28F54813282486160069100A /* Example App.app */,
				28F5482C282486B60069100A /* Example XPC Service.xpc */,
			);
			name = Products;
			sourceTree = "<group>";
		};
		28F54815282486160069100A /* Example App */ = {
			isa = PBXGroup;
			children = (
				28F54816282486160069100A /* Example_App.swift */,
				28F54818282486160069100A /* ContentView.swift */,
				28F5484528248E7B0069100A /* MessageSender.swift */,
				28F54847282490950069100A /* Errors.swift */,
				28F5481F282486180069100A /* Example_App.entitlements */,
			);
			path = "Example App";
			sourceTree = "<group>";
		};
		28F5482D282486B60069100A /* Example XPC Service */ = {
			isa = PBXGroup;
			children = (
				28F54842282489E60069100A /* CommandSet.swift */,
				28F5483F282487910069100A /* XPCService.swift */,
				28F54834282486B60069100A /* Info.plist */,
			);
			path = "Example XPC Service";
			sourceTree = "<group>";
		};
		28F5483C282486D20069100A /* Frameworks */ = {
			isa = PBXGroup;
			children = (
			);
			name = Frameworks;
			sourceTree = "<group>";
		};
/* End PBXGroup section */

/* Begin PBXNativeTarget section */
		28F54812282486160069100A /* Example App */ = {
			isa = PBXNativeTarget;
			buildConfigurationList = 28F54822282486180069100A /* Build configuration list for PBXNativeTarget "Example App" */;
			buildPhases = (
				28F5480F282486160069100A /* Sources */,
				28F54810282486160069100A /* Frameworks */,
				28F54811282486160069100A /* Resources */,
				28F5483B282486B60069100A /* Embed XPC Services */,
			);
			buildRules = (
			);
			dependencies = (
				28F54836282486B60069100A /* PBXTargetDependency */,
			);
			name = "Example App";
			packageProductDependencies = (
				28AD8F692ADA5DBB00EAB83A /* SwiftyXPC */,
			);
			productName = "Example App";
			productReference = 28F54813282486160069100A /* Example App.app */;
			productType = "com.apple.product-type.application";
		};
		28F5482B282486B60069100A /* Example XPC Service */ = {
			isa = PBXNativeTarget;
			buildConfigurationList = 28F54838282486B60069100A /* Build configuration list for PBXNativeTarget "Example XPC Service" */;
			buildPhases = (
				28F54828282486B60069100A /* Sources */,
				28F54829282486B60069100A /* Frameworks */,
				28F5482A282486B60069100A /* Resources */,
			);
			buildRules = (
			);
			dependencies = (
				28AD8F682ADA5DA500EAB83A /* PBXTargetDependency */,
			);
			name = "Example XPC Service";
			packageProductDependencies = (
				288C50142AD8C2A7000DD185 /* SwiftyXPC */,
			);
			productName = "Example XPC Service";
			productReference = 28F5482C282486B60069100A /* Example XPC Service.xpc */;
			productType = "com.apple.product-type.xpc-service";
		};
/* End PBXNativeTarget section */

/* Begin PBXProject section */
		28F5480B282486160069100A /* Project object */ = {
			isa = PBXProject;
			attributes = {
				BuildIndependentTargetsInParallel = 1;
				LastSwiftUpdateCheck = 1330;
				LastUpgradeCheck = 1330;
				TargetAttributes = {
					28F54812282486160069100A = {
						CreatedOnToolsVersion = 13.3.1;
					};
					28F5482B282486B60069100A = {
						CreatedOnToolsVersion = 13.3.1;
						LastSwiftMigration = 1330;
					};
				};
			};
			buildConfigurationList = 28F5480E282486160069100A /* Build configuration list for PBXProject "Example App" */;
			compatibilityVersion = "Xcode 13.0";
			developmentRegion = en;
			hasScannedForEncodings = 0;
			knownRegions = (
				en,
				Base,
			);
			mainGroup = 28F5480A282486160069100A;
			packageReferences = (
				28AD8F642ADA5D8F00EAB83A /* XCRemoteSwiftPackageReference "SwiftyXPC" */,
			);
			productRefGroup = 28F54814282486160069100A /* Products */;
			projectDirPath = "";
			projectRoot = "";
			targets = (
				28F54812282486160069100A /* Example App */,
				28F5482B282486B60069100A /* Example XPC Service */,
			);
		};
/* End PBXProject section */

/* Begin PBXResourcesBuildPhase section */
		28F54811282486160069100A /* Resources */ = {
			isa = PBXResourcesBuildPhase;
			buildActionMask = 2147483647;
			files = (
			);
			runOnlyForDeploymentPostprocessing = 0;
		};
		28F5482A282486B60069100A /* Resources */ = {
			isa = PBXResourcesBuildPhase;
			buildActionMask = 2147483647;
			files = (
			);
			runOnlyForDeploymentPostprocessing = 0;
		};
/* End PBXResourcesBuildPhase section */

/* Begin PBXSourcesBuildPhase section */
		28F5480F282486160069100A /* Sources */ = {
			isa = PBXSourcesBuildPhase;
			buildActionMask = 2147483647;
			files = (
				28F5484628248E7B0069100A /* MessageSender.swift in Sources */,
				28F54819282486160069100A /* ContentView.swift in Sources */,
				28F5484428248D3D0069100A /* CommandSet.swift in Sources */,
				28F54848282490950069100A /* Errors.swift in Sources */,
				28F54817282486160069100A /* Example_App.swift in Sources */,
			);
			runOnlyForDeploymentPostprocessing = 0;
		};
		28F54828282486B60069100A /* Sources */ = {
			isa = PBXSourcesBuildPhase;
			buildActionMask = 2147483647;
			files = (
				28F54843282489E60069100A /* CommandSet.swift in Sources */,
				28F54840282487910069100A /* XPCService.swift in Sources */,
			);
			runOnlyForDeploymentPostprocessing = 0;
		};
/* End PBXSourcesBuildPhase section */

/* Begin PBXTargetDependency section */
		28AD8F682ADA5DA500EAB83A /* PBXTargetDependency */ = {
			isa = PBXTargetDependency;
			productRef = 28AD8F672ADA5DA500EAB83A /* SwiftyXPC */;
		};
		28F54836282486B60069100A /* PBXTargetDependency */ = {
			isa = PBXTargetDependency;
			target = 28F5482B282486B60069100A /* Example XPC Service */;
			targetProxy = 28F54835282486B60069100A /* PBXContainerItemProxy */;
		};
/* End PBXTargetDependency section */

/* Begin XCBuildConfiguration section */
		28F54820282486180069100A /* Debug */ = {
			isa = XCBuildConfiguration;
			buildSettings = {
				ALWAYS_SEARCH_USER_PATHS = NO;
				CLANG_ANALYZER_NONNULL = YES;
				CLANG_ANALYZER_NUMBER_OBJECT_CONVERSION = YES_AGGRESSIVE;
				CLANG_CXX_LANGUAGE_STANDARD = "gnu++17";
				CLANG_ENABLE_MODULES = YES;
				CLANG_ENABLE_OBJC_ARC = YES;
				CLANG_ENABLE_OBJC_WEAK = YES;
				CLANG_WARN_BLOCK_CAPTURE_AUTORELEASING = YES;
				CLANG_WARN_BOOL_CONVERSION = YES;
				CLANG_WARN_COMMA = YES;
				CLANG_WARN_CONSTANT_CONVERSION = YES;
				CLANG_WARN_DEPRECATED_OBJC_IMPLEMENTATIONS = YES;
				CLANG_WARN_DIRECT_OBJC_ISA_USAGE = YES_ERROR;
				CLANG_WARN_DOCUMENTATION_COMMENTS = YES;
				CLANG_WARN_EMPTY_BODY = YES;
				CLANG_WARN_ENUM_CONVERSION = YES;
				CLANG_WARN_INFINITE_RECURSION = YES;
				CLANG_WARN_INT_CONVERSION = YES;
				CLANG_WARN_NON_LITERAL_NULL_CONVERSION = YES;
				CLANG_WARN_OBJC_IMPLICIT_RETAIN_SELF = YES;
				CLANG_WARN_OBJC_LITERAL_CONVERSION = YES;
				CLANG_WARN_OBJC_ROOT_CLASS = YES_ERROR;
				CLANG_WARN_QUOTED_INCLUDE_IN_FRAMEWORK_HEADER = YES;
				CLANG_WARN_RANGE_LOOP_ANALYSIS = YES;
				CLANG_WARN_STRICT_PROTOTYPES = YES;
				CLANG_WARN_SUSPICIOUS_MOVE = YES;
				CLANG_WARN_UNGUARDED_AVAILABILITY = YES_AGGRESSIVE;
				CLANG_WARN_UNREACHABLE_CODE = YES;
				CLANG_WARN__DUPLICATE_METHOD_MATCH = YES;
				COPY_PHASE_STRIP = NO;
				DEBUG_INFORMATION_FORMAT = dwarf;
				ENABLE_STRICT_OBJC_MSGSEND = YES;
				ENABLE_TESTABILITY = YES;
				GCC_C_LANGUAGE_STANDARD = gnu11;
				GCC_DYNAMIC_NO_PIC = NO;
				GCC_NO_COMMON_BLOCKS = YES;
				GCC_OPTIMIZATION_LEVEL = 0;
				GCC_PREPROCESSOR_DEFINITIONS = (
					"DEBUG=1",
					"$(inherited)",
				);
				GCC_WARN_64_TO_32_BIT_CONVERSION = YES;
				GCC_WARN_ABOUT_RETURN_TYPE = YES_ERROR;
				GCC_WARN_UNDECLARED_SELECTOR = YES;
				GCC_WARN_UNINITIALIZED_AUTOS = YES_AGGRESSIVE;
				GCC_WARN_UNUSED_FUNCTION = YES;
				GCC_WARN_UNUSED_VARIABLE = YES;
				MACOSX_DEPLOYMENT_TARGET = 13.0;
				MTL_ENABLE_DEBUG_INFO = INCLUDE_SOURCE;
				MTL_FAST_MATH = YES;
				ONLY_ACTIVE_ARCH = YES;
				SDKROOT = macosx;
				SWIFT_ACTIVE_COMPILATION_CONDITIONS = DEBUG;
				SWIFT_OPTIMIZATION_LEVEL = "-Onone";
			};
			name = Debug;
		};
		28F54821282486180069100A /* Release */ = {
			isa = XCBuildConfiguration;
			buildSettings = {
				ALWAYS_SEARCH_USER_PATHS = NO;
				CLANG_ANALYZER_NONNULL = YES;
				CLANG_ANALYZER_NUMBER_OBJECT_CONVERSION = YES_AGGRESSIVE;
				CLANG_CXX_LANGUAGE_STANDARD = "gnu++17";
				CLANG_ENABLE_MODULES = YES;
				CLANG_ENABLE_OBJC_ARC = YES;
				CLANG_ENABLE_OBJC_WEAK = YES;
				CLANG_WARN_BLOCK_CAPTURE_AUTORELEASING = YES;
				CLANG_WARN_BOOL_CONVERSION = YES;
				CLANG_WARN_COMMA = YES;
				CLANG_WARN_CONSTANT_CONVERSION = YES;
				CLANG_WARN_DEPRECATED_OBJC_IMPLEMENTATIONS = YES;
				CLANG_WARN_DIRECT_OBJC_ISA_USAGE = YES_ERROR;
				CLANG_WARN_DOCUMENTATION_COMMENTS = YES;
				CLANG_WARN_EMPTY_BODY = YES;
				CLANG_WARN_ENUM_CONVERSION = YES;
				CLANG_WARN_INFINITE_RECURSION = YES;
				CLANG_WARN_INT_CONVERSION = YES;
				CLANG_WARN_NON_LITERAL_NULL_CONVERSION = YES;
				CLANG_WARN_OBJC_IMPLICIT_RETAIN_SELF = YES;
				CLANG_WARN_OBJC_LITERAL_CONVERSION = YES;
				CLANG_WARN_OBJC_ROOT_CLASS = YES_ERROR;
				CLANG_WARN_QUOTED_INCLUDE_IN_FRAMEWORK_HEADER = YES;
				CLANG_WARN_RANGE_LOOP_ANALYSIS = YES;
				CLANG_WARN_STRICT_PROTOTYPES = YES;
				CLANG_WARN_SUSPICIOUS_MOVE = YES;
				CLANG_WARN_UNGUARDED_AVAILABILITY = YES_AGGRESSIVE;
				CLANG_WARN_UNREACHABLE_CODE = YES;
				CLANG_WARN__DUPLICATE_METHOD_MATCH = YES;
				COPY_PHASE_STRIP = NO;
				DEBUG_INFORMATION_FORMAT = "dwarf-with-dsym";
				ENABLE_NS_ASSERTIONS = NO;
				ENABLE_STRICT_OBJC_MSGSEND = YES;
				GCC_C_LANGUAGE_STANDARD = gnu11;
				GCC_NO_COMMON_BLOCKS = YES;
				GCC_WARN_64_TO_32_BIT_CONVERSION = YES;
				GCC_WARN_ABOUT_RETURN_TYPE = YES_ERROR;
				GCC_WARN_UNDECLARED_SELECTOR = YES;
				GCC_WARN_UNINITIALIZED_AUTOS = YES_AGGRESSIVE;
				GCC_WARN_UNUSED_FUNCTION = YES;
				GCC_WARN_UNUSED_VARIABLE = YES;
				MACOSX_DEPLOYMENT_TARGET = 13.0;
				MTL_ENABLE_DEBUG_INFO = NO;
				MTL_FAST_MATH = YES;
				SDKROOT = macosx;
				SWIFT_COMPILATION_MODE = wholemodule;
				SWIFT_OPTIMIZATION_LEVEL = "-O";
			};
			name = Release;
		};
		28F54823282486180069100A /* Debug */ = {
			isa = XCBuildConfiguration;
			buildSettings = {
				ALWAYS_EMBED_SWIFT_STANDARD_LIBRARIES = YES;
				ASSETCATALOG_COMPILER_APPICON_NAME = AppIcon;
				ASSETCATALOG_COMPILER_GLOBAL_ACCENT_COLOR_NAME = AccentColor;
				CODE_SIGN_ENTITLEMENTS = "Example App/Example_App.entitlements";
				CODE_SIGN_STYLE = Automatic;
				COMBINE_HIDPI_IMAGES = YES;
				CURRENT_PROJECT_VERSION = 1;
				DEVELOPMENT_TEAM = HRLUCP7QP4;
				ENABLE_HARDENED_RUNTIME = YES;
				ENABLE_PREVIEWS = YES;
				GENERATE_INFOPLIST_FILE = YES;
				INFOPLIST_KEY_NSHumanReadableCopyright = "";
				LD_RUNPATH_SEARCH_PATHS = (
					"$(inherited)",
					"@executable_path/../Frameworks",
				);
				MARKETING_VERSION = 1.0;
				PRODUCT_BUNDLE_IDENTIFIER = "com.charlessoft.Example-App";
				PRODUCT_NAME = "$(TARGET_NAME)";
				SWIFT_EMIT_LOC_STRINGS = YES;
				SWIFT_VERSION = 5.0;
			};
			name = Debug;
		};
		28F54824282486180069100A /* Release */ = {
			isa = XCBuildConfiguration;
			buildSettings = {
				ALWAYS_EMBED_SWIFT_STANDARD_LIBRARIES = YES;
				ASSETCATALOG_COMPILER_APPICON_NAME = AppIcon;
				ASSETCATALOG_COMPILER_GLOBAL_ACCENT_COLOR_NAME = AccentColor;
				CODE_SIGN_ENTITLEMENTS = "Example App/Example_App.entitlements";
				CODE_SIGN_STYLE = Automatic;
				COMBINE_HIDPI_IMAGES = YES;
				CURRENT_PROJECT_VERSION = 1;
				DEVELOPMENT_TEAM = HRLUCP7QP4;
				ENABLE_HARDENED_RUNTIME = YES;
				ENABLE_PREVIEWS = YES;
				GENERATE_INFOPLIST_FILE = YES;
				INFOPLIST_KEY_NSHumanReadableCopyright = "";
				LD_RUNPATH_SEARCH_PATHS = (
					"$(inherited)",
					"@executable_path/../Frameworks",
				);
				MARKETING_VERSION = 1.0;
				PRODUCT_BUNDLE_IDENTIFIER = "com.charlessoft.Example-App";
				PRODUCT_NAME = "$(TARGET_NAME)";
				SWIFT_EMIT_LOC_STRINGS = YES;
				SWIFT_VERSION = 5.0;
			};
			name = Release;
		};
		28F54839282486B60069100A /* Debug */ = {
			isa = XCBuildConfiguration;
			buildSettings = {
				CLANG_ENABLE_MODULES = YES;
				CODE_SIGN_STYLE = Automatic;
				COMBINE_HIDPI_IMAGES = YES;
				CURRENT_PROJECT_VERSION = 1;
				DEVELOPMENT_TEAM = HRLUCP7QP4;
				ENABLE_HARDENED_RUNTIME = YES;
				GENERATE_INFOPLIST_FILE = YES;
				INFOPLIST_FILE = "Example XPC Service/Info.plist";
				INFOPLIST_KEY_CFBundleDisplayName = "Example XPC Service";
				INFOPLIST_KEY_NSHumanReadableCopyright = "";
				LD_RUNPATH_SEARCH_PATHS = (
					"$(inherited)",
					"@executable_path/../Frameworks",
					"@loader_path/../Frameworks",
				);
				MARKETING_VERSION = 1.0;
				PRODUCT_BUNDLE_IDENTIFIER = "com.charlessoft.SwiftyXPC.Example-App.xpc";
				PRODUCT_NAME = "$(TARGET_NAME)";
				SKIP_INSTALL = YES;
				SWIFT_EMIT_LOC_STRINGS = YES;
				SWIFT_OPTIMIZATION_LEVEL = "-Onone";
				SWIFT_VERSION = 5.0;
			};
			name = Debug;
		};
		28F5483A282486B60069100A /* Release */ = {
			isa = XCBuildConfiguration;
			buildSettings = {
				CLANG_ENABLE_MODULES = YES;
				CODE_SIGN_STYLE = Automatic;
				COMBINE_HIDPI_IMAGES = YES;
				CURRENT_PROJECT_VERSION = 1;
				DEVELOPMENT_TEAM = HRLUCP7QP4;
				ENABLE_HARDENED_RUNTIME = YES;
				GENERATE_INFOPLIST_FILE = YES;
				INFOPLIST_FILE = "Example XPC Service/Info.plist";
				INFOPLIST_KEY_CFBundleDisplayName = "Example XPC Service";
				INFOPLIST_KEY_NSHumanReadableCopyright = "";
				LD_RUNPATH_SEARCH_PATHS = (
					"$(inherited)",
					"@executable_path/../Frameworks",
					"@loader_path/../Frameworks",
				);
				MARKETING_VERSION = 1.0;
				PRODUCT_BUNDLE_IDENTIFIER = "com.charlessoft.SwiftyXPC.Example-App.xpc";
				PRODUCT_NAME = "$(TARGET_NAME)";
				SKIP_INSTALL = YES;
				SWIFT_EMIT_LOC_STRINGS = YES;
				SWIFT_VERSION = 5.0;
			};
			name = Release;
		};
/* End XCBuildConfiguration section */

/* Begin XCConfigurationList section */
		28F5480E282486160069100A /* Build configuration list for PBXProject "Example App" */ = {
			isa = XCConfigurationList;
			buildConfigurations = (
				28F54820282486180069100A /* Debug */,
				28F54821282486180069100A /* Release */,
			);
			defaultConfigurationIsVisible = 0;
			defaultConfigurationName = Release;
		};
		28F54822282486180069100A /* Build configuration list for PBXNativeTarget "Example App" */ = {
			isa = XCConfigurationList;
			buildConfigurations = (
				28F54823282486180069100A /* Debug */,
				28F54824282486180069100A /* Release */,
			);
			defaultConfigurationIsVisible = 0;
			defaultConfigurationName = Release;
		};
		28F54838282486B60069100A /* Build configuration list for PBXNativeTarget "Example XPC Service" */ = {
			isa = XCConfigurationList;
			buildConfigurations = (
				28F54839282486B60069100A /* Debug */,
				28F5483A282486B60069100A /* Release */,
			);
			defaultConfigurationIsVisible = 0;
			defaultConfigurationName = Release;
		};
/* End XCConfigurationList section */

/* Begin XCRemoteSwiftPackageReference section */
		28AD8F642ADA5D8F00EAB83A /* XCRemoteSwiftPackageReference "SwiftyXPC" */ = {
			isa = XCRemoteSwiftPackageReference;
			repositoryURL = "https://github.com/CharlesJS/SwiftyXPC";
			requirement = {
				kind = upToNextMajorVersion;
				minimumVersion = 0.5.1;
			};
		};
/* End XCRemoteSwiftPackageReference section */

/* Begin XCSwiftPackageProductDependency section */
		288C50142AD8C2A7000DD185 /* SwiftyXPC */ = {
			isa = XCSwiftPackageProductDependency;
			productName = SwiftyXPC;
		};
		28AD8F672ADA5DA500EAB83A /* SwiftyXPC */ = {
			isa = XCSwiftPackageProductDependency;
			package = 28AD8F642ADA5D8F00EAB83A /* XCRemoteSwiftPackageReference "SwiftyXPC" */;
			productName = SwiftyXPC;
		};
		28AD8F692ADA5DBB00EAB83A /* SwiftyXPC */ = {
			isa = XCSwiftPackageProductDependency;
			package = 28AD8F642ADA5D8F00EAB83A /* XCRemoteSwiftPackageReference "SwiftyXPC" */;
			productName = SwiftyXPC;
		};
/* End XCSwiftPackageProductDependency section */
	};
	rootObject = 28F5480B282486160069100A /* Project object */;
}
